{
  "version": 4,
  "terraform_version": "0.14.4",
  "serial": 120,
  "lineage": "8b02b708-a9a1-ad27-4292-6dde807ebae4",
  "outputs": {},
  "resources": [
    {
      "mode": "managed",
      "type": "azurerm_network_interface_backend_address_pool_association",
      "name": "main",
      "provider": "provider[\"registry.terraform.io/hashicorp/azurerm\"]",
      "instances": [
        {
          "index_key": 0,
          "schema_version": 0,
          "attributes": {
            "backend_address_pool_id": "/subscriptions/71567b49-501a-405e-9390-f0615bead59f/resourceGroups/udacity-resources/providers/Microsoft.Network/loadBalancers/udacity-LoadBalancer/backendAddressPools/udacity-BackEndAddressPool",
            "id": "/subscriptions/71567b49-501a-405e-9390-f0615bead59f/resourceGroups/udacity-resources/providers/Microsoft.Network/networkInterfaces/udacity-nic-0/ipConfigurations/udacity-nic-backendpool-config|/subscriptions/71567b49-501a-405e-9390-f0615bead59f/resourceGroups/udacity-resources/providers/Microsoft.Network/loadBalancers/udacity-LoadBalancer/backendAddressPools/udacity-BackEndAddressPool",
            "ip_configuration_name": "udacity-nic-backendpool-config",
            "network_interface_id": "/subscriptions/71567b49-501a-405e-9390-f0615bead59f/resourceGroups/udacity-resources/providers/Microsoft.Network/networkInterfaces/udacity-nic-0",
            "timeouts": null
          },
          "sensitive_attributes": []
        },
        {
          "index_key": 1,
          "schema_version": 0,
          "attributes": {
            "backend_address_pool_id": "/subscriptions/71567b49-501a-405e-9390-f0615bead59f/resourceGroups/udacity-resources/providers/Microsoft.Network/loadBalancers/udacity-LoadBalancer/backendAddressPools/udacity-BackEndAddressPool",
            "id": "/subscriptions/71567b49-501a-405e-9390-f0615bead59f/resourceGroups/udacity-resources/providers/Microsoft.Network/networkInterfaces/udacity-nic-1/ipConfigurations/udacity-nic-backendpool-config|/subscriptions/71567b49-501a-405e-9390-f0615bead59f/resourceGroups/udacity-resources/providers/Microsoft.Network/loadBalancers/udacity-LoadBalancer/backendAddressPools/udacity-BackEndAddressPool",
            "ip_configuration_name": "udacity-nic-backendpool-config",
            "network_interface_id": "/subscriptions/71567b49-501a-405e-9390-f0615bead59f/resourceGroups/udacity-resources/providers/Microsoft.Network/networkInterfaces/udacity-nic-1",
            "timeouts": null
          },
          "sensitive_attributes": []
        }
      ]
    },
    {
      "mode": "managed",
      "type": "azurerm_public_ip",
      "name": "main",
      "provider": "provider[\"registry.terraform.io/hashicorp/azurerm\"]",
      "instances": [
        {
          "schema_version": 0,
          "attributes": {
            "allocation_method": "Static",
            "domain_name_label": null,
            "fqdn": null,
            "id": "/subscriptions/71567b49-501a-405e-9390-f0615bead59f/resourceGroups/udacity-resources/providers/Microsoft.Network/publicIPAddresses/udacity-publicIP",
            "idle_timeout_in_minutes": 4,
            "ip_address": "104.209.175.144",
            "ip_version": "IPv4",
            "location": "eastus2",
            "name": "udacity-publicIP",
            "public_ip_prefix_id": null,
            "resource_group_name": "udacity-resources",
            "reverse_fqdn": null,
            "sku": "Basic",
            "tags": {
              "environment": "Production"
            },
            "timeouts": null,
            "zones": null
          },
          "sensitive_attributes": []
        }
      ]
    },
    {
      "mode": "managed",
      "type": "azurerm_resource_group",
      "name": "main",
      "provider": "provider[\"registry.terraform.io/hashicorp/azurerm\"]",
      "instances": [
        {
          "schema_version": 0,
          "attributes": {
            "id": "/subscriptions/71567b49-501a-405e-9390-f0615bead59f/resourceGroups/udacity-resources",
            "location": "eastus2",
            "name": "udacity-resources",
            "tags": {},
            "timeouts": {
              "create": null,
              "delete": null,
              "read": null,
              "update": null
            }
          },
          "sensitive_attributes": [],
          "private": "eyJlMmJmYjczMC1lY2FhLTExZTYtOGY4OC0zNDM2M2JjN2M0YzAiOnsiY3JlYXRlIjo1NDAwMDAwMDAwMDAwLCJkZWxldGUiOjU0MDAwMDAwMDAwMDAsInJlYWQiOjMwMDAwMDAwMDAwMCwidXBkYXRlIjo1NDAwMDAwMDAwMDAwfSwic2NoZW1hX3ZlcnNpb24iOiIwIn0="
        }
      ]
    },
    {
      "mode": "managed",
      "type": "azurerm_virtual_machine_data_disk_attachment",
      "name": "managed_disk_attach",
      "provider": "provider[\"registry.terraform.io/hashicorp/azurerm\"]",
      "instances": [
        {
          "index_key": 0,
          "schema_version": 0,
          "attributes": {
            "caching": "ReadWrite",
            "create_option": "Attach",
            "id": "/subscriptions/71567b49-501a-405e-9390-f0615bead59f/resourceGroups/udacity-resources/providers/Microsoft.Compute/virtualMachines/udacity-vm-0/dataDisks/managed-disk-0",
            "lun": 10,
            "managed_disk_id": "/subscriptions/71567b49-501a-405e-9390-f0615bead59f/resourceGroups/udacity-resources/providers/Microsoft.Compute/disks/managed-disk-0",
            "timeouts": null,
            "virtual_machine_id": "/subscriptions/71567b49-501a-405e-9390-f0615bead59f/resourceGroups/udacity-resources/providers/Microsoft.Compute/virtualMachines/udacity-vm-0",
            "write_accelerator_enabled": false
          },
          "sensitive_attributes": []
        },
        {
          "index_key": 1,
          "schema_version": 0,
          "attributes": {
            "caching": "ReadWrite",
            "create_option": "Attach",
            "id": "/subscriptions/71567b49-501a-405e-9390-f0615bead59f/resourceGroups/udacity-resources/providers/Microsoft.Compute/virtualMachines/udacity-vm-1/dataDisks/managed-disk-1",
            "lun": 11,
            "managed_disk_id": "/subscriptions/71567b49-501a-405e-9390-f0615bead59f/resourceGroups/udacity-resources/providers/Microsoft.Compute/disks/managed-disk-1",
            "timeouts": null,
            "virtual_machine_id": "/subscriptions/71567b49-501a-405e-9390-f0615bead59f/resourceGroups/udacity-resources/providers/Microsoft.Compute/virtualMachines/udacity-vm-1",
            "write_accelerator_enabled": false
          },
          "sensitive_attributes": []
        }
      ]
    }
  ]
}
